
Microsoft Visual Studio Solution File, Format Version 12.00
# Visual Studio Version 16
VisualStudioVersion = 16.0.30523.141
MinimumVisualStudioVersion = 10.0.40219.1
Project("{FAE04EC0-301F-11D3-BF4B-00C04F79EFBC}") = "Popa_Maria_Lab6", "Popa_Maria_Lab6.csproj", "{1DB55EA5-DE2B-4C4F-90B5-38A6224E1883}"
EndProject
Project("{FAE04EC0-301F-11D3-BF4B-00C04F79EFBC}") = "AutoLotModel", "..\AutoLotModel\AutoLotModel.csproj", "{4AEB254A-8D39-48AB-842D-0EFDC17C6C94}"
EndProject
Global
	GlobalSection(SolutionConfigurationPlatforms) = preSolution
		Debug|Any CPU = Debug|Any CPU
		Release|Any CPU = Release|Any CPU
	EndGlobalSection
	GlobalSection(ProjectConfigurationPlatforms) = postSolution
		{1DB55EA5-DE2B-4C4F-90B5-38A6224E1883}.Debug|Any CPU.ActiveCfg = Debug|Any CPU
		{1DB55EA5-DE2B-4C4F-90B5-38A6224E1883}.Debug|Any CPU.Build.0 = Debug|Any CPU
		{1DB55EA5-DE2B-4C4F-90B5-38A6224E1883}.Release|Any CPU.ActiveCfg = Release|Any CPU
		{1DB55EA5-DE2B-4C4F-90B5-38A6224E1883}.Release|Any CPU.Build.0 = Release|Any CPU
		{4AEB254A-8D39-48AB-842D-0EFDC17C6C94}.Debug|Any CPU.ActiveCfg = Debug|Any CPU
		{4AEB254A-8D39-48AB-842D-0EFDC17C6C94}.Debug|Any CPU.Build.0 = Debug|Any CPU
		{4AEB254A-8D39-48AB-842D-0EFDC17C6C94}.Release|Any CPU.ActiveCfg = Release|Any CPU
		{4AEB254A-8D39-48AB-842D-0EFDC17C6C94}.Release|Any CPU.Build.0 = Release|Any CPU
	EndGlobalSection
	GlobalSection(SolutionProperties) = preSolution
		HideSolutionNode = FALSE
	EndGlobalSection
	GlobalSection(ExtensibilityGlobals) = postSolution
		SolutionGuid = {3FB7EA1E-FB52-4173-8BB2-F696858F3389}
	EndGlobalSection
EndGlobal
